
Microsoft Visual Studio Solution File, Format Version 12.00
# Visual Studio Version 17
VisualStudioVersion = 17.0.31611.283
MinimumVisualStudioVersion = 10.0.40219.1
Project("{9A19103F-16F7-4668-BE54-9A1E7A4F7556}") = "Flushed", "Flushed\Flushed.csproj", "{2FF443E7-C6E0-44FF-BEC7-22F3ED030083}"
EndProject
Project("{9A19103F-16F7-4668-BE54-9A1E7A4F7556}") = "Flushed_API", "Flushed_API\Flushed_API.csproj", "{DBC5AF2B-4D79-483C-A61F-E0B95078B452}"
EndProject
Global
	GlobalSection(SolutionConfigurationPlatforms) = preSolution
		Debug|Any CPU = Debug|Any CPU
		Development|Any CPU = Development|Any CPU
		Release|Any CPU = Release|Any CPU
	EndGlobalSection
	GlobalSection(ProjectConfigurationPlatforms) = postSolution
		{2FF443E7-C6E0-44FF-BEC7-22F3ED030083}.Debug|Any CPU.ActiveCfg = Debug|Any CPU
		{2FF443E7-C6E0-44FF-BEC7-22F3ED030083}.Debug|Any CPU.Build.0 = Debug|Any CPU
		{2FF443E7-C6E0-44FF-BEC7-22F3ED030083}.Debug|Any CPU.Deploy.0 = Debug|Any CPU
		{2FF443E7-C6E0-44FF-BEC7-22F3ED030083}.Development|Any CPU.ActiveCfg = Development|Any CPU
		{2FF443E7-C6E0-44FF-BEC7-22F3ED030083}.Development|Any CPU.Build.0 = Development|Any CPU
		{2FF443E7-C6E0-44FF-BEC7-22F3ED030083}.Development|Any CPU.Deploy.0 = Development|Any CPU
		{2FF443E7-C6E0-44FF-BEC7-22F3ED030083}.Release|Any CPU.ActiveCfg = Release|Any CPU
		{2FF443E7-C6E0-44FF-BEC7-22F3ED030083}.Release|Any CPU.Build.0 = Release|Any CPU
		{2FF443E7-C6E0-44FF-BEC7-22F3ED030083}.Release|Any CPU.Deploy.0 = Release|Any CPU
		{DBC5AF2B-4D79-483C-A61F-E0B95078B452}.Debug|Any CPU.ActiveCfg = Debug|Any CPU
		{DBC5AF2B-4D79-483C-A61F-E0B95078B452}.Debug|Any CPU.Build.0 = Debug|Any CPU
		{DBC5AF2B-4D79-483C-A61F-E0B95078B452}.Development|Any CPU.ActiveCfg = Development|Any CPU
		{DBC5AF2B-4D79-483C-A61F-E0B95078B452}.Development|Any CPU.Build.0 = Development|Any CPU
		{DBC5AF2B-4D79-483C-A61F-E0B95078B452}.Release|Any CPU.ActiveCfg = Release|Any CPU
		{DBC5AF2B-4D79-483C-A61F-E0B95078B452}.Release|Any CPU.Build.0 = Release|Any CPU
	EndGlobalSection
	GlobalSection(SolutionProperties) = preSolution
		HideSolutionNode = FALSE
	EndGlobalSection
	GlobalSection(ExtensibilityGlobals) = postSolution
		SolutionGuid = {61F7FB11-1E47-470C-91E2-47F8143E1572}
	EndGlobalSection
EndGlobal
